
Microsoft Visual Studio Solution File, Format Version 11.00
# Visual C# Express 2010
Project("{FAE04EC0-301F-11D3-BF4B-00C04F79EFBC}") = "LuaInterface", "LuaInterface\LuaInterface.csproj", "{E915A0A4-2641-4F7E-8A88-8F123FA88BF1}"
EndProject
Project("{FAE04EC0-301F-11D3-BF4B-00C04F79EFBC}") = "LuaInterfaceSample", "LuaInterfaceSample\LuaInterfaceSample.csproj", "{9B821FBD-6A89-4FD7-8FC0-02B5BCF58AA1}"
EndProject
Global
	GlobalSection(SolutionConfigurationPlatforms) = preSolution
		Debug|x86 = Debug|x86
		Release|x86 = Release|x86
	EndGlobalSection
	GlobalSection(ProjectConfigurationPlatforms) = postSolution
		{E915A0A4-2641-4F7E-8A88-8F123FA88BF1}.Debug|x86.ActiveCfg = Debug|x86
		{E915A0A4-2641-4F7E-8A88-8F123FA88BF1}.Debug|x86.Build.0 = Debug|x86
		{E915A0A4-2641-4F7E-8A88-8F123FA88BF1}.Release|x86.ActiveCfg = Release|x86
		{E915A0A4-2641-4F7E-8A88-8F123FA88BF1}.Release|x86.Build.0 = Release|x86
		{9B821FBD-6A89-4FD7-8FC0-02B5BCF58AA1}.Debug|x86.ActiveCfg = Debug|x86
		{9B821FBD-6A89-4FD7-8FC0-02B5BCF58AA1}.Debug|x86.Build.0 = Debug|x86
		{9B821FBD-6A89-4FD7-8FC0-02B5BCF58AA1}.Release|x86.ActiveCfg = Release|x86
		{9B821FBD-6A89-4FD7-8FC0-02B5BCF58AA1}.Release|x86.Build.0 = Release|x86
	EndGlobalSection
	GlobalSection(SolutionProperties) = preSolution
		HideSolutionNode = FALSE
	EndGlobalSection
	GlobalSection(MonoDevelopProperties) = preSolution
		StartupItem = CallLua\CallLua.csproj
	EndGlobalSection
EndGlobal
